// !$*UTF8*$!
{
	archiveVersion = 1;
	classes = {
	};
	objectVersion = 55;
	objects = {

/* Begin PBXBuildFile section */
		FAF30D122913B4C400C6CD72 /* AppDelegate.swift in Sources */ = {isa = PBXBuildFile; fileRef = FAF30D112913B4C400C6CD72 /* AppDelegate.swift */; };
		FAF30D142913B4C400C6CD72 /* SceneDelegate.swift in Sources */ = {isa = PBXBuildFile; fileRef = FAF30D132913B4C400C6CD72 /* SceneDelegate.swift */; };
		FAF30D162913B4C400C6CD72 /* PlaylistViewController.swift in Sources */ = {isa = PBXBuildFile; fileRef = FAF30D152913B4C400C6CD72 /* PlaylistViewController.swift */; };
		FAF30D192913B4C400C6CD72 /* Main.storyboard in Resources */ = {isa = PBXBuildFile; fileRef = FAF30D172913B4C400C6CD72 /* Main.storyboard */; };
		FAF30D1B2913B4C600C6CD72 /* Assets.xcassets in Resources */ = {isa = PBXBuildFile; fileRef = FAF30D1A2913B4C600C6CD72 /* Assets.xcassets */; };
		FAF30D1E2913B4C600C6CD72 /* LaunchScreen.storyboard in Resources */ = {isa = PBXBuildFile; fileRef = FAF30D1C2913B4C600C6CD72 /* LaunchScreen.storyboard */; };
		FAF30D2F2913CCBB00C6CD72 /* Song.swift in Sources */ = {isa = PBXBuildFile; fileRef = FAF30D2E2913CCBB00C6CD72 /* Song.swift */; };
		FAF30D462916ECF300C6CD72 /* Zach Bryan - Something In The Orange.mp3 in Resources */ = {isa = PBXBuildFile; fileRef = FAF30D452916ECF300C6CD72 /* Zach Bryan - Something In The Orange.mp3 */; };
		FAF30D4D2917A9B700C6CD72 /* AVAsset+getItem.swift in Sources */ = {isa = PBXBuildFile; fileRef = FAF30D4C2917A9B700C6CD72 /* AVAsset+getItem.swift */; };
		FAF30D502917B23200C6CD72 /* TimeInterval+getDuration.swift in Sources */ = {isa = PBXBuildFile; fileRef = FAF30D4F2917B23200C6CD72 /* TimeInterval+getDuration.swift */; };
		FAF30D542917DD7000C6CD72 /* PLaylistStackView.swift in Sources */ = {isa = PBXBuildFile; fileRef = FAF30D532917DD7000C6CD72 /* PLaylistStackView.swift */; };
		FAF30D592918207400C6CD72 /* UILabel+CreateView.swift in Sources */ = {isa = PBXBuildFile; fileRef = FAF30D582918207400C6CD72 /* UILabel+CreateView.swift */; };
		FAF30D5B2918225400C6CD72 /* StackView+CreateView.swift in Sources */ = {isa = PBXBuildFile; fileRef = FAF30D5A2918225400C6CD72 /* StackView+CreateView.swift */; };
		FAF30D6029191E2600C6CD72 /* 91_maroon_5_cardi_b_girls_like_you_myzuka.mp3 in Resources */ = {isa = PBXBuildFile; fileRef = FAF30D5F29191E2600C6CD72 /* 91_maroon_5_cardi_b_girls_like_you_myzuka.mp3 */; };
		FAF30D6229191EE600C6CD72 /* 01_ed_sheeran_shape_of_you_myzuka.mp3 in Resources */ = {isa = PBXBuildFile; fileRef = FAF30D6129191EE600C6CD72 /* 01_ed_sheeran_shape_of_you_myzuka.mp3 */; };
		FAF30D642919298C00C6CD72 /* 04_willy_william_la_la_la_myzuka.mp3 in Resources */ = {isa = PBXBuildFile; fileRef = FAF30D632919298C00C6CD72 /* 04_willy_william_la_la_la_myzuka.mp3 */; };
/* End PBXBuildFile section */

/* Begin PBXFileReference section */
		FAF30D0E2913B4C400C6CD72 /* AudioPlayer.app */ = {isa = PBXFileReference; explicitFileType = wrapper.application; includeInIndex = 0; path = AudioPlayer.app; sourceTree = BUILT_PRODUCTS_DIR; };
		FAF30D112913B4C400C6CD72 /* AppDelegate.swift */ = {isa = PBXFileReference; lastKnownFileType = sourcecode.swift; path = AppDelegate.swift; sourceTree = "<group>"; };
		FAF30D132913B4C400C6CD72 /* SceneDelegate.swift */ = {isa = PBXFileReference; lastKnownFileType = sourcecode.swift; path = SceneDelegate.swift; sourceTree = "<group>"; };
		FAF30D152913B4C400C6CD72 /* PlaylistViewController.swift */ = {isa = PBXFileReference; lastKnownFileType = sourcecode.swift; path = PlaylistViewController.swift; sourceTree = "<group>"; };
		FAF30D182913B4C400C6CD72 /* Base */ = {isa = PBXFileReference; lastKnownFileType = file.storyboard; name = Base; path = Base.lproj/Main.storyboard; sourceTree = "<group>"; };
		FAF30D1A2913B4C600C6CD72 /* Assets.xcassets */ = {isa = PBXFileReference; lastKnownFileType = folder.assetcatalog; path = Assets.xcassets; sourceTree = "<group>"; };
		FAF30D1D2913B4C600C6CD72 /* Base */ = {isa = PBXFileReference; lastKnownFileType = file.storyboard; name = Base; path = Base.lproj/LaunchScreen.storyboard; sourceTree = "<group>"; };
		FAF30D1F2913B4C600C6CD72 /* Info.plist */ = {isa = PBXFileReference; lastKnownFileType = text.plist.xml; path = Info.plist; sourceTree = "<group>"; };
		FAF30D2E2913CCBB00C6CD72 /* Song.swift */ = {isa = PBXFileReference; lastKnownFileType = sourcecode.swift; path = Song.swift; sourceTree = "<group>"; };
		FAF30D452916ECF300C6CD72 /* Zach Bryan - Something In The Orange.mp3 */ = {isa = PBXFileReference; lastKnownFileType = audio.mp3; name = "Zach Bryan - Something In The Orange.mp3"; path = "../../../../../../Downloads/Zach Bryan - Something In The Orange.mp3"; sourceTree = "<group>"; };
		FAF30D4C2917A9B700C6CD72 /* AVAsset+getItem.swift */ = {isa = PBXFileReference; lastKnownFileType = sourcecode.swift; path = "AVAsset+getItem.swift"; sourceTree = "<group>"; };
		FAF30D4F2917B23200C6CD72 /* TimeInterval+getDuration.swift */ = {isa = PBXFileReference; lastKnownFileType = sourcecode.swift; path = "TimeInterval+getDuration.swift"; sourceTree = "<group>"; };
		FAF30D532917DD7000C6CD72 /* PLaylistStackView.swift */ = {isa = PBXFileReference; lastKnownFileType = sourcecode.swift; path = PLaylistStackView.swift; sourceTree = "<group>"; };
		FAF30D582918207400C6CD72 /* UILabel+CreateView.swift */ = {isa = PBXFileReference; lastKnownFileType = sourcecode.swift; path = "UILabel+CreateView.swift"; sourceTree = "<group>"; };
		FAF30D5A2918225400C6CD72 /* StackView+CreateView.swift */ = {isa = PBXFileReference; lastKnownFileType = sourcecode.swift; path = "StackView+CreateView.swift"; sourceTree = "<group>"; };
		FAF30D5F29191E2600C6CD72 /* 91_maroon_5_cardi_b_girls_like_you_myzuka.mp3 */ = {isa = PBXFileReference; lastKnownFileType = audio.mp3; name = 91_maroon_5_cardi_b_girls_like_you_myzuka.mp3; path = ../../../../../../Downloads/91_maroon_5_cardi_b_girls_like_you_myzuka.mp3; sourceTree = "<group>"; };
		FAF30D6129191EE600C6CD72 /* 01_ed_sheeran_shape_of_you_myzuka.mp3 */ = {isa = PBXFileReference; lastKnownFileType = audio.mp3; name = 01_ed_sheeran_shape_of_you_myzuka.mp3; path = ../../../../../../Downloads/01_ed_sheeran_shape_of_you_myzuka.mp3; sourceTree = "<group>"; };
		FAF30D632919298C00C6CD72 /* 04_willy_william_la_la_la_myzuka.mp3 */ = {isa = PBXFileReference; lastKnownFileType = audio.mp3; name = 04_willy_william_la_la_la_myzuka.mp3; path = ../../../../../../Downloads/04_willy_william_la_la_la_myzuka.mp3; sourceTree = "<group>"; };
/* End PBXFileReference section */

/* Begin PBXFrameworksBuildPhase section */
		FAF30D0B2913B4C400C6CD72 /* Frameworks */ = {
			isa = PBXFrameworksBuildPhase;
			buildActionMask = 2147483647;
			files = (
			);
			runOnlyForDeploymentPostprocessing = 0;
		};
/* End PBXFrameworksBuildPhase section */

/* Begin PBXGroup section */
		FAF30D052913B4C400C6CD72 = {
			isa = PBXGroup;
			children = (
				FAF30D102913B4C400C6CD72 /* AudioPlayer */,
				FAF30D0F2913B4C400C6CD72 /* Products */,
			);
			sourceTree = "<group>";
		};
		FAF30D0F2913B4C400C6CD72 /* Products */ = {
			isa = PBXGroup;
			children = (
				FAF30D0E2913B4C400C6CD72 /* AudioPlayer.app */,
			);
			name = Products;
			sourceTree = "<group>";
		};
		FAF30D102913B4C400C6CD72 /* AudioPlayer */ = {
			isa = PBXGroup;
			children = (
				FAF30D302913CCC700C6CD72 /* Models */,
				FAF30D552917DD7600C6CD72 /* Views */,
				FAF30D252913B78700C6CD72 /* Controllers */,
				FAF30D4E2917A9D400C6CD72 /* Extensions */,
				FAF30D272913B7F600C6CD72 /* Storyboard */,
				FAF30D332913D14200C6CD72 /* Songs */,
				FAF30D262913B79E00C6CD72 /* SupportFiles */,
				FAF30D1A2913B4C600C6CD72 /* Assets.xcassets */,
			);
			path = AudioPlayer;
			sourceTree = "<group>";
		};
		FAF30D252913B78700C6CD72 /* Controllers */ = {
			isa = PBXGroup;
			children = (
				FAF30D152913B4C400C6CD72 /* PlaylistViewController.swift */,
			);
			path = Controllers;
			sourceTree = "<group>";
		};
		FAF30D262913B79E00C6CD72 /* SupportFiles */ = {
			isa = PBXGroup;
			children = (
				FAF30D1F2913B4C600C6CD72 /* Info.plist */,
				FAF30D112913B4C400C6CD72 /* AppDelegate.swift */,
				FAF30D132913B4C400C6CD72 /* SceneDelegate.swift */,
			);
			path = SupportFiles;
			sourceTree = "<group>";
		};
		FAF30D272913B7F600C6CD72 /* Storyboard */ = {
			isa = PBXGroup;
			children = (
				FAF30D172913B4C400C6CD72 /* Main.storyboard */,
				FAF30D1C2913B4C600C6CD72 /* LaunchScreen.storyboard */,
			);
			path = Storyboard;
			sourceTree = "<group>";
		};
		FAF30D302913CCC700C6CD72 /* Models */ = {
			isa = PBXGroup;
			children = (
				FAF30D2E2913CCBB00C6CD72 /* Song.swift */,
			);
			path = Models;
			sourceTree = "<group>";
		};
		FAF30D332913D14200C6CD72 /* Songs */ = {
			isa = PBXGroup;
			children = (
				FAF30D632919298C00C6CD72 /* 04_willy_william_la_la_la_myzuka.mp3 */,
				FAF30D5F29191E2600C6CD72 /* 91_maroon_5_cardi_b_girls_like_you_myzuka.mp3 */,
				FAF30D452916ECF300C6CD72 /* Zach Bryan - Something In The Orange.mp3 */,
				FAF30D6129191EE600C6CD72 /* 01_ed_sheeran_shape_of_you_myzuka.mp3 */,
			);
			path = Songs;
			sourceTree = "<group>";
		};
		FAF30D4E2917A9D400C6CD72 /* Extensions */ = {
			isa = PBXGroup;
			children = (
				FAF30D4C2917A9B700C6CD72 /* AVAsset+getItem.swift */,
				FAF30D4F2917B23200C6CD72 /* TimeInterval+getDuration.swift */,
				FAF30D5C2918225D00C6CD72 /* PlaylistStackView+CreateSubviews */,
			);
			path = Extensions;
			sourceTree = "<group>";
		};
		FAF30D552917DD7600C6CD72 /* Views */ = {
			isa = PBXGroup;
			children = (
				FAF30D532917DD7000C6CD72 /* PLaylistStackView.swift */,
			);
			path = Views;
			sourceTree = "<group>";
		};
		FAF30D5C2918225D00C6CD72 /* PlaylistStackView+CreateSubviews */ = {
			isa = PBXGroup;
			children = (
				FAF30D582918207400C6CD72 /* UILabel+CreateView.swift */,
				FAF30D5A2918225400C6CD72 /* StackView+CreateView.swift */,
			);
			path = "PlaylistStackView+CreateSubviews";
			sourceTree = "<group>";
		};
/* End PBXGroup section */

/* Begin PBXNativeTarget section */
		FAF30D0D2913B4C400C6CD72 /* AudioPlayer */ = {
			isa = PBXNativeTarget;
			buildConfigurationList = FAF30D222913B4C600C6CD72 /* Build configuration list for PBXNativeTarget "AudioPlayer" */;
			buildPhases = (
				FAF30D0A2913B4C400C6CD72 /* Sources */,
				FAF30D0B2913B4C400C6CD72 /* Frameworks */,
				FAF30D0C2913B4C400C6CD72 /* Resources */,
			);
			buildRules = (
			);
			dependencies = (
			);
			name = AudioPlayer;
			productName = AudioPlayer;
			productReference = FAF30D0E2913B4C400C6CD72 /* AudioPlayer.app */;
			productType = "com.apple.product-type.application";
		};
/* End PBXNativeTarget section */

/* Begin PBXProject section */
		FAF30D062913B4C400C6CD72 /* Project object */ = {
			isa = PBXProject;
			attributes = {
				BuildIndependentTargetsInParallel = 1;
				LastSwiftUpdateCheck = 1340;
				LastUpgradeCheck = 1340;
				TargetAttributes = {
					FAF30D0D2913B4C400C6CD72 = {
						CreatedOnToolsVersion = 13.4.1;
					};
				};
			};
			buildConfigurationList = FAF30D092913B4C400C6CD72 /* Build configuration list for PBXProject "AudioPlayer" */;
			compatibilityVersion = "Xcode 13.0";
			developmentRegion = en;
			hasScannedForEncodings = 0;
			knownRegions = (
				en,
				Base,
			);
			mainGroup = FAF30D052913B4C400C6CD72;
			productRefGroup = FAF30D0F2913B4C400C6CD72 /* Products */;
			projectDirPath = "";
			projectRoot = "";
			targets = (
				FAF30D0D2913B4C400C6CD72 /* AudioPlayer */,
			);
		};
/* End PBXProject section */

/* Begin PBXResourcesBuildPhase section */
		FAF30D0C2913B4C400C6CD72 /* Resources */ = {
			isa = PBXResourcesBuildPhase;
			buildActionMask = 2147483647;
			files = (
				FAF30D462916ECF300C6CD72 /* Zach Bryan - Something In The Orange.mp3 in Resources */,
				FAF30D1E2913B4C600C6CD72 /* LaunchScreen.storyboard in Resources */,
				FAF30D6029191E2600C6CD72 /* 91_maroon_5_cardi_b_girls_like_you_myzuka.mp3 in Resources */,
				FAF30D642919298C00C6CD72 /* 04_willy_william_la_la_la_myzuka.mp3 in Resources */,
				FAF30D1B2913B4C600C6CD72 /* Assets.xcassets in Resources */,
				FAF30D6229191EE600C6CD72 /* 01_ed_sheeran_shape_of_you_myzuka.mp3 in Resources */,
				FAF30D192913B4C400C6CD72 /* Main.storyboard in Resources */,
			);
			runOnlyForDeploymentPostprocessing = 0;
		};
/* End PBXResourcesBuildPhase section */

/* Begin PBXSourcesBuildPhase section */
		FAF30D0A2913B4C400C6CD72 /* Sources */ = {
			isa = PBXSourcesBuildPhase;
			buildActionMask = 2147483647;
			files = (
				FAF30D4D2917A9B700C6CD72 /* AVAsset+getItem.swift in Sources */,
				FAF30D502917B23200C6CD72 /* TimeInterval+getDuration.swift in Sources */,
				FAF30D592918207400C6CD72 /* UILabel+CreateView.swift in Sources */,
				FAF30D162913B4C400C6CD72 /* PlaylistViewController.swift in Sources */,
				FAF30D122913B4C400C6CD72 /* AppDelegate.swift in Sources */,
				FAF30D142913B4C400C6CD72 /* SceneDelegate.swift in Sources */,
				FAF30D542917DD7000C6CD72 /* PLaylistStackView.swift in Sources */,
				FAF30D2F2913CCBB00C6CD72 /* Song.swift in Sources */,
				FAF30D5B2918225400C6CD72 /* StackView+CreateView.swift in Sources */,
			);
			runOnlyForDeploymentPostprocessing = 0;
		};
/* End PBXSourcesBuildPhase section */

/* Begin PBXVariantGroup section */
		FAF30D172913B4C400C6CD72 /* Main.storyboard */ = {
			isa = PBXVariantGroup;
			children = (
				FAF30D182913B4C400C6CD72 /* Base */,
			);
			name = Main.storyboard;
			sourceTree = "<group>";
		};
		FAF30D1C2913B4C600C6CD72 /* LaunchScreen.storyboard */ = {
			isa = PBXVariantGroup;
			children = (
				FAF30D1D2913B4C600C6CD72 /* Base */,
			);
			name = LaunchScreen.storyboard;
			sourceTree = "<group>";
		};
/* End PBXVariantGroup section */

/* Begin XCBuildConfiguration section */
		FAF30D202913B4C600C6CD72 /* Debug */ = {
			isa = XCBuildConfiguration;
			buildSettings = {
				ALWAYS_SEARCH_USER_PATHS = NO;
				CLANG_ANALYZER_NONNULL = YES;
				CLANG_ANALYZER_NUMBER_OBJECT_CONVERSION = YES_AGGRESSIVE;
				CLANG_CXX_LANGUAGE_STANDARD = "gnu++17";
				CLANG_ENABLE_MODULES = YES;
				CLANG_ENABLE_OBJC_ARC = YES;
				CLANG_ENABLE_OBJC_WEAK = YES;
				CLANG_WARN_BLOCK_CAPTURE_AUTORELEASING = YES;
				CLANG_WARN_BOOL_CONVERSION = YES;
				CLANG_WARN_COMMA = YES;
				CLANG_WARN_CONSTANT_CONVERSION = YES;
				CLANG_WARN_DEPRECATED_OBJC_IMPLEMENTATIONS = YES;
				CLANG_WARN_DIRECT_OBJC_ISA_USAGE = YES_ERROR;
				CLANG_WARN_DOCUMENTATION_COMMENTS = YES;
				CLANG_WARN_EMPTY_BODY = YES;
				CLANG_WARN_ENUM_CONVERSION = YES;
				CLANG_WARN_INFINITE_RECURSION = YES;
				CLANG_WARN_INT_CONVERSION = YES;
				CLANG_WARN_NON_LITERAL_NULL_CONVERSION = YES;
				CLANG_WARN_OBJC_IMPLICIT_RETAIN_SELF = YES;
				CLANG_WARN_OBJC_LITERAL_CONVERSION = YES;
				CLANG_WARN_OBJC_ROOT_CLASS = YES_ERROR;
				CLANG_WARN_QUOTED_INCLUDE_IN_FRAMEWORK_HEADER = YES;
				CLANG_WARN_RANGE_LOOP_ANALYSIS = YES;
				CLANG_WARN_STRICT_PROTOTYPES = YES;
				CLANG_WARN_SUSPICIOUS_MOVE = YES;
				CLANG_WARN_UNGUARDED_AVAILABILITY = YES_AGGRESSIVE;
				CLANG_WARN_UNREACHABLE_CODE = YES;
				CLANG_WARN__DUPLICATE_METHOD_MATCH = YES;
				COPY_PHASE_STRIP = NO;
				DEBUG_INFORMATION_FORMAT = dwarf;
				ENABLE_STRICT_OBJC_MSGSEND = YES;
				ENABLE_TESTABILITY = YES;
				GCC_C_LANGUAGE_STANDARD = gnu11;
				GCC_DYNAMIC_NO_PIC = NO;
				GCC_NO_COMMON_BLOCKS = YES;
				GCC_OPTIMIZATION_LEVEL = 0;
				GCC_PREPROCESSOR_DEFINITIONS = (
					"DEBUG=1",
					"$(inherited)",
				);
				GCC_WARN_64_TO_32_BIT_CONVERSION = YES;
				GCC_WARN_ABOUT_RETURN_TYPE = YES_ERROR;
				GCC_WARN_UNDECLARED_SELECTOR = YES;
				GCC_WARN_UNINITIALIZED_AUTOS = YES_AGGRESSIVE;
				GCC_WARN_UNUSED_FUNCTION = YES;
				GCC_WARN_UNUSED_VARIABLE = YES;
				IPHONEOS_DEPLOYMENT_TARGET = 15.5;
				MTL_ENABLE_DEBUG_INFO = INCLUDE_SOURCE;
				MTL_FAST_MATH = YES;
				ONLY_ACTIVE_ARCH = YES;
				SDKROOT = iphoneos;
				SWIFT_ACTIVE_COMPILATION_CONDITIONS = DEBUG;
				SWIFT_OPTIMIZATION_LEVEL = "-Onone";
			};
			name = Debug;
		};
		FAF30D212913B4C600C6CD72 /* Release */ = {
			isa = XCBuildConfiguration;
			buildSettings = {
				ALWAYS_SEARCH_USER_PATHS = NO;
				CLANG_ANALYZER_NONNULL = YES;
				CLANG_ANALYZER_NUMBER_OBJECT_CONVERSION = YES_AGGRESSIVE;
				CLANG_CXX_LANGUAGE_STANDARD = "gnu++17";
				CLANG_ENABLE_MODULES = YES;
				CLANG_ENABLE_OBJC_ARC = YES;
				CLANG_ENABLE_OBJC_WEAK = YES;
				CLANG_WARN_BLOCK_CAPTURE_AUTORELEASING = YES;
				CLANG_WARN_BOOL_CONVERSION = YES;
				CLANG_WARN_COMMA = YES;
				CLANG_WARN_CONSTANT_CONVERSION = YES;
				CLANG_WARN_DEPRECATED_OBJC_IMPLEMENTATIONS = YES;
				CLANG_WARN_DIRECT_OBJC_ISA_USAGE = YES_ERROR;
				CLANG_WARN_DOCUMENTATION_COMMENTS = YES;
				CLANG_WARN_EMPTY_BODY = YES;
				CLANG_WARN_ENUM_CONVERSION = YES;
				CLANG_WARN_INFINITE_RECURSION = YES;
				CLANG_WARN_INT_CONVERSION = YES;
				CLANG_WARN_NON_LITERAL_NULL_CONVERSION = YES;
				CLANG_WARN_OBJC_IMPLICIT_RETAIN_SELF = YES;
				CLANG_WARN_OBJC_LITERAL_CONVERSION = YES;
				CLANG_WARN_OBJC_ROOT_CLASS = YES_ERROR;
				CLANG_WARN_QUOTED_INCLUDE_IN_FRAMEWORK_HEADER = YES;
				CLANG_WARN_RANGE_LOOP_ANALYSIS = YES;
				CLANG_WARN_STRICT_PROTOTYPES = YES;
				CLANG_WARN_SUSPICIOUS_MOVE = YES;
				CLANG_WARN_UNGUARDED_AVAILABILITY = YES_AGGRESSIVE;
				CLANG_WARN_UNREACHABLE_CODE = YES;
				CLANG_WARN__DUPLICATE_METHOD_MATCH = YES;
				COPY_PHASE_STRIP = NO;
				DEBUG_INFORMATION_FORMAT = "dwarf-with-dsym";
				ENABLE_NS_ASSERTIONS = NO;
				ENABLE_STRICT_OBJC_MSGSEND = YES;
				GCC_C_LANGUAGE_STANDARD = gnu11;
				GCC_NO_COMMON_BLOCKS = YES;
				GCC_WARN_64_TO_32_BIT_CONVERSION = YES;
				GCC_WARN_ABOUT_RETURN_TYPE = YES_ERROR;
				GCC_WARN_UNDECLARED_SELECTOR = YES;
				GCC_WARN_UNINITIALIZED_AUTOS = YES_AGGRESSIVE;
				GCC_WARN_UNUSED_FUNCTION = YES;
				GCC_WARN_UNUSED_VARIABLE = YES;
				IPHONEOS_DEPLOYMENT_TARGET = 15.5;
				MTL_ENABLE_DEBUG_INFO = NO;
				MTL_FAST_MATH = YES;
				SDKROOT = iphoneos;
				SWIFT_COMPILATION_MODE = wholemodule;
				SWIFT_OPTIMIZATION_LEVEL = "-O";
				VALIDATE_PRODUCT = YES;
			};
			name = Release;
		};
		FAF30D232913B4C600C6CD72 /* Debug */ = {
			isa = XCBuildConfiguration;
			buildSettings = {
				ASSETCATALOG_COMPILER_APPICON_NAME = AppIcon;
				ASSETCATALOG_COMPILER_GLOBAL_ACCENT_COLOR_NAME = AccentColor;
				CODE_SIGN_STYLE = Automatic;
				CURRENT_PROJECT_VERSION = 1;
				DEVELOPMENT_TEAM = SQMYH8B9K2;
				GENERATE_INFOPLIST_FILE = YES;
				INFOPLIST_FILE = AudioPlayer/SupportFiles/Info.plist;
				INFOPLIST_KEY_UIApplicationSupportsIndirectInputEvents = YES;
				INFOPLIST_KEY_UILaunchStoryboardName = LaunchScreen;
				INFOPLIST_KEY_UIMainStoryboardFile = Main;
				INFOPLIST_KEY_UISupportedInterfaceOrientations_iPad = "UIInterfaceOrientationPortrait UIInterfaceOrientationPortraitUpsideDown UIInterfaceOrientationLandscapeLeft UIInterfaceOrientationLandscapeRight";
				INFOPLIST_KEY_UISupportedInterfaceOrientations_iPhone = "UIInterfaceOrientationPortrait UIInterfaceOrientationLandscapeLeft UIInterfaceOrientationLandscapeRight";
				LD_RUNPATH_SEARCH_PATHS = (
					"$(inherited)",
					"@executable_path/Frameworks",
				);
				MARKETING_VERSION = 1.0;
				PRODUCT_BUNDLE_IDENTIFIER = bar.AudioPlayer;
				PRODUCT_NAME = "$(TARGET_NAME)";
				SWIFT_EMIT_LOC_STRINGS = YES;
				SWIFT_VERSION = 5.0;
				TARGETED_DEVICE_FAMILY = "1,2";
			};
			name = Debug;
		};
		FAF30D242913B4C600C6CD72 /* Release */ = {
			isa = XCBuildConfiguration;
			buildSettings = {
				ASSETCATALOG_COMPILER_APPICON_NAME = AppIcon;
				ASSETCATALOG_COMPILER_GLOBAL_ACCENT_COLOR_NAME = AccentColor;
				CODE_SIGN_STYLE = Automatic;
				CURRENT_PROJECT_VERSION = 1;
				DEVELOPMENT_TEAM = SQMYH8B9K2;
				GENERATE_INFOPLIST_FILE = YES;
				INFOPLIST_FILE = AudioPlayer/SupportFiles/Info.plist;
				INFOPLIST_KEY_UIApplicationSupportsIndirectInputEvents = YES;
				INFOPLIST_KEY_UILaunchStoryboardName = LaunchScreen;
				INFOPLIST_KEY_UIMainStoryboardFile = Main;
				INFOPLIST_KEY_UISupportedInterfaceOrientations_iPad = "UIInterfaceOrientationPortrait UIInterfaceOrientationPortraitUpsideDown UIInterfaceOrientationLandscapeLeft UIInterfaceOrientationLandscapeRight";
				INFOPLIST_KEY_UISupportedInterfaceOrientations_iPhone = "UIInterfaceOrientationPortrait UIInterfaceOrientationLandscapeLeft UIInterfaceOrientationLandscapeRight";
				LD_RUNPATH_SEARCH_PATHS = (
					"$(inherited)",
					"@executable_path/Frameworks",
				);
				MARKETING_VERSION = 1.0;
				PRODUCT_BUNDLE_IDENTIFIER = bar.AudioPlayer;
				PRODUCT_NAME = "$(TARGET_NAME)";
				SWIFT_EMIT_LOC_STRINGS = YES;
				SWIFT_VERSION = 5.0;
				TARGETED_DEVICE_FAMILY = "1,2";
			};
			name = Release;
		};
/* End XCBuildConfiguration section */

/* Begin XCConfigurationList section */
		FAF30D092913B4C400C6CD72 /* Build configuration list for PBXProject "AudioPlayer" */ = {
			isa = XCConfigurationList;
			buildConfigurations = (
				FAF30D202913B4C600C6CD72 /* Debug */,
				FAF30D212913B4C600C6CD72 /* Release */,
			);
			defaultConfigurationIsVisible = 0;
			defaultConfigurationName = Release;
		};
		FAF30D222913B4C600C6CD72 /* Build configuration list for PBXNativeTarget "AudioPlayer" */ = {
			isa = XCConfigurationList;
			buildConfigurations = (
				FAF30D232913B4C600C6CD72 /* Debug */,
				FAF30D242913B4C600C6CD72 /* Release */,
			);
			defaultConfigurationIsVisible = 0;
			defaultConfigurationName = Release;
		};
/* End XCConfigurationList section */
	};
	rootObject = FAF30D062913B4C400C6CD72 /* Project object */;
}
